
Microsoft Visual Studio Solution File, Format Version 12.00
# Visual Studio Version 16
VisualStudioVersion = 16.0.30128.74
MinimumVisualStudioVersion = 10.0.40219.1
Project("{FAE04EC0-301F-11D3-BF4B-00C04F79EFBC}") = "LoadBalancer", "LoadBalancer.csproj", "{78CF6AAF-3C0F-4703-868A-015DD04A9410}"
EndProject
Project("{FAE04EC0-301F-11D3-BF4B-00C04F79EFBC}") = "AlgorithmLibrary", "..\AlgorithmLibrary\AlgorithmLibrary.csproj", "{6F4EFC60-36EC-4C74-BDF3-A00CA7260BEA}"
EndProject
Global
	GlobalSection(SolutionConfigurationPlatforms) = preSolution
		Debug|Any CPU = Debug|Any CPU
		Release|Any CPU = Release|Any CPU
	EndGlobalSection
	GlobalSection(ProjectConfigurationPlatforms) = postSolution
		{78CF6AAF-3C0F-4703-868A-015DD04A9410}.Debug|Any CPU.ActiveCfg = Debug|Any CPU
		{78CF6AAF-3C0F-4703-868A-015DD04A9410}.Debug|Any CPU.Build.0 = Debug|Any CPU
		{78CF6AAF-3C0F-4703-868A-015DD04A9410}.Release|Any CPU.ActiveCfg = Release|Any CPU
		{78CF6AAF-3C0F-4703-868A-015DD04A9410}.Release|Any CPU.Build.0 = Release|Any CPU
		{6F4EFC60-36EC-4C74-BDF3-A00CA7260BEA}.Debug|Any CPU.ActiveCfg = Debug|Any CPU
		{6F4EFC60-36EC-4C74-BDF3-A00CA7260BEA}.Debug|Any CPU.Build.0 = Debug|Any CPU
		{6F4EFC60-36EC-4C74-BDF3-A00CA7260BEA}.Release|Any CPU.ActiveCfg = Release|Any CPU
		{6F4EFC60-36EC-4C74-BDF3-A00CA7260BEA}.Release|Any CPU.Build.0 = Release|Any CPU
	EndGlobalSection
	GlobalSection(SolutionProperties) = preSolution
		HideSolutionNode = FALSE
	EndGlobalSection
	GlobalSection(ExtensibilityGlobals) = postSolution
		SolutionGuid = {4B61AC4C-CA57-4DDB-AD01-0AA841AECC8D}
	EndGlobalSection
EndGlobal
